
Microsoft Visual Studio Solution File, Format Version 12.00
# Visual Studio Version 17
VisualStudioVersion = 17.8.34309.116
MinimumVisualStudioVersion = 10.0.40219.1
Project("{FAE04EC0-301F-11D3-BF4B-00C04F79EFBC}") = "Syntax.WebApp", "Syntax.WebApp\Syntax.WebApp.csproj", "{05867692-7DDC-4D24-85A6-14CBA12D45FC}"
EndProject
Global
	GlobalSection(SolutionConfigurationPlatforms) = preSolution
		Debug|Any CPU = Debug|Any CPU
		Release|Any CPU = Release|Any CPU
	EndGlobalSection
	GlobalSection(ProjectConfigurationPlatforms) = postSolution
		{05867692-7DDC-4D24-85A6-14CBA12D45FC}.Debug|Any CPU.ActiveCfg = Debug|Any CPU
		{05867692-7DDC-4D24-85A6-14CBA12D45FC}.Debug|Any CPU.Build.0 = Debug|Any CPU
		{05867692-7DDC-4D24-85A6-14CBA12D45FC}.Release|Any CPU.ActiveCfg = Release|Any CPU
		{05867692-7DDC-4D24-85A6-14CBA12D45FC}.Release|Any CPU.Build.0 = Release|Any CPU
	EndGlobalSection
	GlobalSection(SolutionProperties) = preSolution
		HideSolutionNode = FALSE
	EndGlobalSection
	GlobalSection(ExtensibilityGlobals) = postSolution
		SolutionGuid = {DDC751D0-FBAB-4F91-9D6E-4D63E8D9CE41}
	EndGlobalSection
EndGlobal
